
Microsoft Visual Studio Solution File, Format Version 12.00
# Visual Studio 15
VisualStudioVersion = 15.0.27703.2000
MinimumVisualStudioVersion = 10.0.40219.1
Project("{FAE04EC0-301F-11D3-BF4B-00C04F79EFBC}") = "Charites.Bindings", "Source\Charites.Bindings\Charites.Bindings.csproj", "{3802821D-16F4-4D56-9FBB-37FA1740F810}"
EndProject
Project("{FAE04EC0-301F-11D3-BF4B-00C04F79EFBC}") = "Charites.Bindings.Spec", "Spec\Charites.Bindings.Spec\Charites.Bindings.Spec.csproj", "{6012B17D-DFA4-4319-A09B-33F4BA9314E5}"
EndProject
Global
	GlobalSection(SolutionConfigurationPlatforms) = preSolution
		Debug|Any CPU = Debug|Any CPU
		Release|Any CPU = Release|Any CPU
	EndGlobalSection
	GlobalSection(ProjectConfigurationPlatforms) = postSolution
		{3802821D-16F4-4D56-9FBB-37FA1740F810}.Debug|Any CPU.ActiveCfg = Debug|Any CPU
		{3802821D-16F4-4D56-9FBB-37FA1740F810}.Debug|Any CPU.Build.0 = Debug|Any CPU
		{3802821D-16F4-4D56-9FBB-37FA1740F810}.Release|Any CPU.ActiveCfg = Release|Any CPU
		{3802821D-16F4-4D56-9FBB-37FA1740F810}.Release|Any CPU.Build.0 = Release|Any CPU
		{6012B17D-DFA4-4319-A09B-33F4BA9314E5}.Debug|Any CPU.ActiveCfg = Debug|Any CPU
		{6012B17D-DFA4-4319-A09B-33F4BA9314E5}.Debug|Any CPU.Build.0 = Debug|Any CPU
		{6012B17D-DFA4-4319-A09B-33F4BA9314E5}.Release|Any CPU.ActiveCfg = Release|Any CPU
		{6012B17D-DFA4-4319-A09B-33F4BA9314E5}.Release|Any CPU.Build.0 = Release|Any CPU
	EndGlobalSection
	GlobalSection(SolutionProperties) = preSolution
		HideSolutionNode = FALSE
	EndGlobalSection
	GlobalSection(ExtensibilityGlobals) = postSolution
		SolutionGuid = {AE3D6DEF-B323-4469-873B-CCF2C7A19F23}
	EndGlobalSection
EndGlobal
